
Microsoft Visual Studio Solution File, Format Version 12.00
# Visual Studio 2012
Project("{FAE04EC0-301F-11D3-BF4B-00C04F79EFBC}") = "Dominion", "Dominion\Dominion.csproj", "{495F1640-5633-4CB2-9041-A222B7C9889C}"
EndProject
Project("{FAE04EC0-301F-11D3-BF4B-00C04F79EFBC}") = "Dominion.Tests", "Dominion.Tests\Dominion.Tests.csproj", "{3743E855-EE45-42C8-AE25-D864848A6415}"
EndProject
Project("{FAE04EC0-301F-11D3-BF4B-00C04F79EFBC}") = "Dominion.Console", "Dominion.Console\Dominion.Console.csproj", "{E8B86C97-BF29-4C27-BDB4-7D54B7ADB54C}"
EndProject
Project("{FAE04EC0-301F-11D3-BF4B-00C04F79EFBC}") = "Dominion.Ai", "Dominion.Ai\Dominion.Ai.csproj", "{3CC98F5F-DDEB-4A05-A4C5-7413CF11D8D4}"
EndProject
Project("{FAE04EC0-301F-11D3-BF4B-00C04F79EFBC}") = "Dominion.Cards.BasicSet", "Dominion.Cards.BasicSet\Dominion.Cards.BasicSet.csproj", "{5FEE6005-E7B0-4161-A8F0-96DC89F29136}"
EndProject
Project("{FAE04EC0-301F-11D3-BF4B-00C04F79EFBC}") = "Dominion.Cards.Intrigue", "Dominion.Cards.Intrigue\Dominion.Cards.Intrigue.csproj", "{C74B8689-6070-4BC1-B265-23D05FA9234B}"
EndProject
Global
	GlobalSection(SolutionConfigurationPlatforms) = preSolution
		Debug|Any CPU = Debug|Any CPU
		Release|Any CPU = Release|Any CPU
	EndGlobalSection
	GlobalSection(ProjectConfigurationPlatforms) = postSolution
		{495F1640-5633-4CB2-9041-A222B7C9889C}.Debug|Any CPU.ActiveCfg = Debug|Any CPU
		{495F1640-5633-4CB2-9041-A222B7C9889C}.Debug|Any CPU.Build.0 = Debug|Any CPU
		{495F1640-5633-4CB2-9041-A222B7C9889C}.Release|Any CPU.ActiveCfg = Release|Any CPU
		{495F1640-5633-4CB2-9041-A222B7C9889C}.Release|Any CPU.Build.0 = Release|Any CPU
		{3743E855-EE45-42C8-AE25-D864848A6415}.Debug|Any CPU.ActiveCfg = Debug|Any CPU
		{3743E855-EE45-42C8-AE25-D864848A6415}.Debug|Any CPU.Build.0 = Debug|Any CPU
		{3743E855-EE45-42C8-AE25-D864848A6415}.Release|Any CPU.ActiveCfg = Release|Any CPU
		{3743E855-EE45-42C8-AE25-D864848A6415}.Release|Any CPU.Build.0 = Release|Any CPU
		{E8B86C97-BF29-4C27-BDB4-7D54B7ADB54C}.Debug|Any CPU.ActiveCfg = Debug|Any CPU
		{E8B86C97-BF29-4C27-BDB4-7D54B7ADB54C}.Debug|Any CPU.Build.0 = Debug|Any CPU
		{E8B86C97-BF29-4C27-BDB4-7D54B7ADB54C}.Release|Any CPU.ActiveCfg = Release|Any CPU
		{E8B86C97-BF29-4C27-BDB4-7D54B7ADB54C}.Release|Any CPU.Build.0 = Release|Any CPU
		{3CC98F5F-DDEB-4A05-A4C5-7413CF11D8D4}.Debug|Any CPU.ActiveCfg = Debug|Any CPU
		{3CC98F5F-DDEB-4A05-A4C5-7413CF11D8D4}.Debug|Any CPU.Build.0 = Debug|Any CPU
		{3CC98F5F-DDEB-4A05-A4C5-7413CF11D8D4}.Release|Any CPU.ActiveCfg = Release|Any CPU
		{3CC98F5F-DDEB-4A05-A4C5-7413CF11D8D4}.Release|Any CPU.Build.0 = Release|Any CPU
		{5FEE6005-E7B0-4161-A8F0-96DC89F29136}.Debug|Any CPU.ActiveCfg = Debug|Any CPU
		{5FEE6005-E7B0-4161-A8F0-96DC89F29136}.Debug|Any CPU.Build.0 = Debug|Any CPU
		{5FEE6005-E7B0-4161-A8F0-96DC89F29136}.Release|Any CPU.ActiveCfg = Release|Any CPU
		{5FEE6005-E7B0-4161-A8F0-96DC89F29136}.Release|Any CPU.Build.0 = Release|Any CPU
		{C74B8689-6070-4BC1-B265-23D05FA9234B}.Debug|Any CPU.ActiveCfg = Debug|Any CPU
		{C74B8689-6070-4BC1-B265-23D05FA9234B}.Debug|Any CPU.Build.0 = Debug|Any CPU
		{C74B8689-6070-4BC1-B265-23D05FA9234B}.Release|Any CPU.ActiveCfg = Release|Any CPU
		{C74B8689-6070-4BC1-B265-23D05FA9234B}.Release|Any CPU.Build.0 = Release|Any CPU
	EndGlobalSection
	GlobalSection(SolutionProperties) = preSolution
		HideSolutionNode = FALSE
	EndGlobalSection
EndGlobal
